// !$*UTF8*$!
{
	archiveVersion = 1;
	classes = {
	};
	objectVersion = 46;
	objects = {

/* Begin PBXBuildFile section */
		EA9969361D621AD200F57798 /* AppDelegate.swift in Sources */ = {isa = PBXBuildFile; fileRef = EA9969351D621AD200F57798 /* AppDelegate.swift */; };
		EA9969381D621AD200F57798 /* ViewController.swift in Sources */ = {isa = PBXBuildFile; fileRef = EA9969371D621AD200F57798 /* ViewController.swift */; };
		EA99693B1D621AD200F57798 /* Main.storyboard in Resources */ = {isa = PBXBuildFile; fileRef = EA9969391D621AD200F57798 /* Main.storyboard */; };
		EA99693E1D621AD200F57798 /* testgit.xcdatamodeld in Sources */ = {isa = PBXBuildFile; fileRef = EA99693C1D621AD200F57798 /* testgit.xcdatamodeld */; };
		EA9969401D621AD200F57798 /* Assets.xcassets in Resources */ = {isa = PBXBuildFile; fileRef = EA99693F1D621AD200F57798 /* Assets.xcassets */; };
		EA9969431D621AD200F57798 /* LaunchScreen.storyboard in Resources */ = {isa = PBXBuildFile; fileRef = EA9969411D621AD200F57798 /* LaunchScreen.storyboard */; };
/* End PBXBuildFile section */

/* Begin PBXFileReference section */
		EA9969321D621AD200F57798 /* testgit.app */ = {isa = PBXFileReference; explicitFileType = wrapper.application; includeInIndex = 0; path = testgit.app; sourceTree = BUILT_PRODUCTS_DIR; };
		EA9969351D621AD200F57798 /* AppDelegate.swift */ = {isa = PBXFileReference; lastKnownFileType = sourcecode.swift; path = AppDelegate.swift; sourceTree = "<group>"; };
		EA9969371D621AD200F57798 /* ViewController.swift */ = {isa = PBXFileReference; lastKnownFileType = sourcecode.swift; path = ViewController.swift; sourceTree = "<group>"; };
		EA99693A1D621AD200F57798 /* Base */ = {isa = PBXFileReference; lastKnownFileType = file.storyboard; name = Base; path = Base.lproj/Main.storyboard; sourceTree = "<group>"; };
		EA99693D1D621AD200F57798 /* testgit.xcdatamodel */ = {isa = PBXFileReference; lastKnownFileType = wrapper.xcdatamodel; path = testgit.xcdatamodel; sourceTree = "<group>"; };
		EA99693F1D621AD200F57798 /* Assets.xcassets */ = {isa = PBXFileReference; lastKnownFileType = folder.assetcatalog; path = Assets.xcassets; sourceTree = "<group>"; };
		EA9969421D621AD200F57798 /* Base */ = {isa = PBXFileReference; lastKnownFileType = file.storyboard; name = Base; path = Base.lproj/LaunchScreen.storyboard; sourceTree = "<group>"; };
		EA9969441D621AD200F57798 /* Info.plist */ = {isa = PBXFileReference; lastKnownFileType = text.plist.xml; path = Info.plist; sourceTree = "<group>"; };
/* End PBXFileReference section */

/* Begin PBXFrameworksBuildPhase section */
		EA99692F1D621AD200F57798 /* Frameworks */ = {
			isa = PBXFrameworksBuildPhase;
			buildActionMask = 2147483647;
			files = (
			);
			runOnlyForDeploymentPostprocessing = 0;
		};
/* End PBXFrameworksBuildPhase section */

/* Begin PBXGroup section */
		EA9969291D621AD100F57798 = {
			isa = PBXGroup;
			children = (
				EA9969341D621AD200F57798 /* testgit */,
				EA9969331D621AD200F57798 /* Products */,
			);
			sourceTree = "<group>";
		};
		EA9969331D621AD200F57798 /* Products */ = {
			isa = PBXGroup;
			children = (
				EA9969321D621AD200F57798 /* testgit.app */,
			);
			name = Products;
			sourceTree = "<group>";
		};
		EA9969341D621AD200F57798 /* testgit */ = {
			isa = PBXGroup;
			children = (
				EA9969351D621AD200F57798 /* AppDelegate.swift */,
				EA9969371D621AD200F57798 /* ViewController.swift */,
				EA9969391D621AD200F57798 /* Main.storyboard */,
				EA99693F1D621AD200F57798 /* Assets.xcassets */,
				EA9969411D621AD200F57798 /* LaunchScreen.storyboard */,
				EA9969441D621AD200F57798 /* Info.plist */,
				EA99693C1D621AD200F57798 /* testgit.xcdatamodeld */,
			);
			path = testgit;
			sourceTree = "<group>";
		};
/* End PBXGroup section */

/* Begin PBXNativeTarget section */
		EA9969311D621AD200F57798 /* testgit */ = {
			isa = PBXNativeTarget;
			buildConfigurationList = EA9969471D621AD200F57798 /* Build configuration list for PBXNativeTarget "testgit" */;
			buildPhases = (
				EA99692E1D621AD200F57798 /* Sources */,
				EA99692F1D621AD200F57798 /* Frameworks */,
				EA9969301D621AD200F57798 /* Resources */,
			);
			buildRules = (
			);
			dependencies = (
			);
			name = testgit;
			productName = testgit;
			productReference = EA9969321D621AD200F57798 /* testgit.app */;
			productType = "com.apple.product-type.application";
		};
/* End PBXNativeTarget section */

/* Begin PBXProject section */
		EA99692A1D621AD200F57798 /* Project object */ = {
			isa = PBXProject;
			attributes = {
				LastSwiftUpdateCheck = 0730;
				LastUpgradeCheck = 0730;
				ORGANIZATIONNAME = "Anton Kotovschikov";
				TargetAttributes = {
					EA9969311D621AD200F57798 = {
						CreatedOnToolsVersion = 7.3.1;
					};
				};
			};
			buildConfigurationList = EA99692D1D621AD200F57798 /* Build configuration list for PBXProject "testgit" */;
			compatibilityVersion = "Xcode 3.2";
			developmentRegion = English;
			hasScannedForEncodings = 0;
			knownRegions = (
				en,
				Base,
			);
			mainGroup = EA9969291D621AD100F57798;
			productRefGroup = EA9969331D621AD200F57798 /* Products */;
			projectDirPath = "";
			projectRoot = "";
			targets = (
				EA9969311D621AD200F57798 /* testgit */,
			);
		};
/* End PBXProject section */

/* Begin PBXResourcesBuildPhase section */
		EA9969301D621AD200F57798 /* Resources */ = {
			isa = PBXResourcesBuildPhase;
			buildActionMask = 2147483647;
			files = (
				EA9969431D621AD200F57798 /* LaunchScreen.storyboard in Resources */,
				EA9969401D621AD200F57798 /* Assets.xcassets in Resources */,
				EA99693B1D621AD200F57798 /* Main.storyboard in Resources */,
			);
			runOnlyForDeploymentPostprocessing = 0;
		};
/* End PBXResourcesBuildPhase section */

/* Begin PBXSourcesBuildPhase section */
		EA99692E1D621AD200F57798 /* Sources */ = {
			isa = PBXSourcesBuildPhase;
			buildActionMask = 2147483647;
			files = (
				EA9969381D621AD200F57798 /* ViewController.swift in Sources */,
				EA99693E1D621AD200F57798 /* testgit.xcdatamodeld in Sources */,
				EA9969361D621AD200F57798 /* AppDelegate.swift in Sources */,
			);
			runOnlyForDeploymentPostprocessing = 0;
		};
/* End PBXSourcesBuildPhase section */

/* Begin PBXVariantGroup section */
		EA9969391D621AD200F57798 /* Main.storyboard */ = {
			isa = PBXVariantGroup;
			children = (
				EA99693A1D621AD200F57798 /* Base */,
			);
			name = Main.storyboard;
			sourceTree = "<group>";
		};
		EA9969411D621AD200F57798 /* LaunchScreen.storyboard */ = {
			isa = PBXVariantGroup;
			children = (
				EA9969421D621AD200F57798 /* Base */,
			);
			name = LaunchScreen.storyboard;
			sourceTree = "<group>";
		};
/* End PBXVariantGroup section */

/* Begin XCBuildConfiguration section */
		EA9969451D621AD200F57798 /* Debug */ = {
			isa = XCBuildConfiguration;
			buildSettings = {
				ALWAYS_SEARCH_USER_PATHS = NO;
				CLANG_ANALYZER_NONNULL = YES;
				CLANG_CXX_LANGUAGE_STANDARD = "gnu++0x";
				CLANG_CXX_LIBRARY = "libc++";
				CLANG_ENABLE_MODULES = YES;
				CLANG_ENABLE_OBJC_ARC = YES;
				CLANG_WARN_BOOL_CONVERSION = YES;
				CLANG_WARN_CONSTANT_CONVERSION = YES;
				CLANG_WARN_DIRECT_OBJC_ISA_USAGE = YES_ERROR;
				CLANG_WARN_EMPTY_BODY = YES;
				CLANG_WARN_ENUM_CONVERSION = YES;
				CLANG_WARN_INT_CONVERSION = YES;
				CLANG_WARN_OBJC_ROOT_CLASS = YES_ERROR;
				CLANG_WARN_UNREACHABLE_CODE = YES;
				CLANG_WARN__DUPLICATE_METHOD_MATCH = YES;
				"CODE_SIGN_IDENTITY[sdk=iphoneos*]" = "iPhone Developer";
				COPY_PHASE_STRIP = NO;
				DEBUG_INFORMATION_FORMAT = dwarf;
				ENABLE_STRICT_OBJC_MSGSEND = YES;
				ENABLE_TESTABILITY = YES;
				GCC_C_LANGUAGE_STANDARD = gnu99;
				GCC_DYNAMIC_NO_PIC = NO;
				GCC_NO_COMMON_BLOCKS = YES;
				GCC_OPTIMIZATION_LEVEL = 0;
				GCC_PREPROCESSOR_DEFINITIONS = (
					"DEBUG=1",
					"$(inherited)",
				);
				GCC_WARN_64_TO_32_BIT_CONVERSION = YES;
				GCC_WARN_ABOUT_RETURN_TYPE = YES_ERROR;
				GCC_WARN_UNDECLARED_SELECTOR = YES;
				GCC_WARN_UNINITIALIZED_AUTOS = YES_AGGRESSIVE;
				GCC_WARN_UNUSED_FUNCTION = YES;
				GCC_WARN_UNUSED_VARIABLE = YES;
				IPHONEOS_DEPLOYMENT_TARGET = 9.3;
				MTL_ENABLE_DEBUG_INFO = YES;
				ONLY_ACTIVE_ARCH = YES;
				SDKROOT = iphoneos;
				SWIFT_OPTIMIZATION_LEVEL = "-Onone";
			};
			name = Debug;
		};
		EA9969461D621AD200F57798 /* Release */ = {
			isa = XCBuildConfiguration;
			buildSettings = {
				ALWAYS_SEARCH_USER_PATHS = NO;
				CLANG_ANALYZER_NONNULL = YES;
				CLANG_CXX_LANGUAGE_STANDARD = "gnu++0x";
				CLANG_CXX_LIBRARY = "libc++";
				CLANG_ENABLE_MODULES = YES;
				CLANG_ENABLE_OBJC_ARC = YES;
				CLANG_WARN_BOOL_CONVERSION = YES;
				CLANG_WARN_CONSTANT_CONVERSION = YES;
				CLANG_WARN_DIRECT_OBJC_ISA_USAGE = YES_ERROR;
				CLANG_WARN_EMPTY_BODY = YES;
				CLANG_WARN_ENUM_CONVERSION = YES;
				CLANG_WARN_INT_CONVERSION = YES;
				CLANG_WARN_OBJC_ROOT_CLASS = YES_ERROR;
				CLANG_WARN_UNREACHABLE_CODE = YES;
				CLANG_WARN__DUPLICATE_METHOD_MATCH = YES;
				"CODE_SIGN_IDENTITY[sdk=iphoneos*]" = "iPhone Developer";
				COPY_PHASE_STRIP = NO;
				DEBUG_INFORMATION_FORMAT = "dwarf-with-dsym";
				ENABLE_NS_ASSERTIONS = NO;
				ENABLE_STRICT_OBJC_MSGSEND = YES;
				GCC_C_LANGUAGE_STANDARD = gnu99;
				GCC_NO_COMMON_BLOCKS = YES;
				GCC_WARN_64_TO_32_BIT_CONVERSION = YES;
				GCC_WARN_ABOUT_RETURN_TYPE = YES_ERROR;
				GCC_WARN_UNDECLARED_SELECTOR = YES;
				GCC_WARN_UNINITIALIZED_AUTOS = YES_AGGRESSIVE;
				GCC_WARN_UNUSED_FUNCTION = YES;
				GCC_WARN_UNUSED_VARIABLE = YES;
				IPHONEOS_DEPLOYMENT_TARGET = 9.3;
				MTL_ENABLE_DEBUG_INFO = NO;
				SDKROOT = iphoneos;
				VALIDATE_PRODUCT = YES;
			};
			name = Release;
		};
		EA9969481D621AD200F57798 /* Debug */ = {
			isa = XCBuildConfiguration;
			buildSettings = {
				ASSETCATALOG_COMPILER_APPICON_NAME = AppIcon;
				INFOPLIST_FILE = testgit/Info.plist;
				LD_RUNPATH_SEARCH_PATHS = "$(inherited) @executable_path/Frameworks";
				PRODUCT_BUNDLE_IDENTIFIER = Tohl.testgit;
				PRODUCT_NAME = "$(TARGET_NAME)";
			};
			name = Debug;
		};
		EA9969491D621AD200F57798 /* Release */ = {
			isa = XCBuildConfiguration;
			buildSettings = {
				ASSETCATALOG_COMPILER_APPICON_NAME = AppIcon;
				INFOPLIST_FILE = testgit/Info.plist;
				LD_RUNPATH_SEARCH_PATHS = "$(inherited) @executable_path/Frameworks";
				PRODUCT_BUNDLE_IDENTIFIER = Tohl.testgit;
				PRODUCT_NAME = "$(TARGET_NAME)";
			};
			name = Release;
		};
/* End XCBuildConfiguration section */

/* Begin XCConfigurationList section */
		EA99692D1D621AD200F57798 /* Build configuration list for PBXProject "testgit" */ = {
			isa = XCConfigurationList;
			buildConfigurations = (
				EA9969451D621AD200F57798 /* Debug */,
				EA9969461D621AD200F57798 /* Release */,
			);
			defaultConfigurationIsVisible = 0;
			defaultConfigurationName = Release;
		};
		EA9969471D621AD200F57798 /* Build configuration list for PBXNativeTarget "testgit" */ = {
			isa = XCConfigurationList;
			buildConfigurations = (
				EA9969481D621AD200F57798 /* Debug */,
				EA9969491D621AD200F57798 /* Release */,
			);
			defaultConfigurationIsVisible = 0;
		};
/* End XCConfigurationList section */

/* Begin XCVersionGroup section */
		EA99693C1D621AD200F57798 /* testgit.xcdatamodeld */ = {
			isa = XCVersionGroup;
			children = (
				EA99693D1D621AD200F57798 /* testgit.xcdatamodel */,
			);
			currentVersion = EA99693D1D621AD200F57798 /* testgit.xcdatamodel */;
			path = testgit.xcdatamodeld;
			sourceTree = "<group>";
			versionGroupType = wrapper.xcdatamodel;
		};
/* End XCVersionGroup section */
	};
	rootObject = EA99692A1D621AD200F57798 /* Project object */;
}
